
Microsoft Visual Studio Solution File, Format Version 12.00
# Visual Studio Version 16
VisualStudioVersion = 16.0.32106.194
MinimumVisualStudioVersion = 10.0.40219.1
Project("{FAE04EC0-301F-11D3-BF4B-00C04F79EFBC}") = "IoCEx", "IoCEx\IoCEx.csproj", "{FCC48EA2-4F93-4340-9352-BE9CC24C04A3}"
EndProject
Global
	GlobalSection(SolutionConfigurationPlatforms) = preSolution
		Debug|Any CPU = Debug|Any CPU
		Release|Any CPU = Release|Any CPU
	EndGlobalSection
	GlobalSection(ProjectConfigurationPlatforms) = postSolution
		{FCC48EA2-4F93-4340-9352-BE9CC24C04A3}.Debug|Any CPU.ActiveCfg = Debug|Any CPU
		{FCC48EA2-4F93-4340-9352-BE9CC24C04A3}.Debug|Any CPU.Build.0 = Debug|Any CPU
		{FCC48EA2-4F93-4340-9352-BE9CC24C04A3}.Release|Any CPU.ActiveCfg = Release|Any CPU
		{FCC48EA2-4F93-4340-9352-BE9CC24C04A3}.Release|Any CPU.Build.0 = Release|Any CPU
	EndGlobalSection
	GlobalSection(SolutionProperties) = preSolution
		HideSolutionNode = FALSE
	EndGlobalSection
	GlobalSection(ExtensibilityGlobals) = postSolution
		SolutionGuid = {8CB1508E-5D49-4CCE-B885-C2F2B1FAFE99}
	EndGlobalSection
EndGlobal
